// !$*UTF8*$!
{
	archiveVersion = 1;
	classes = {
	};
	objectVersion = 50;
	objects = {

/* Begin PBXBuildFile section */
		D842437C24A3EBD300D57A52 /* AppDelegate.swift in Sources */ = {isa = PBXBuildFile; fileRef = D842437B24A3EBD300D57A52 /* AppDelegate.swift */; };
		D842437E24A3EBD300D57A52 /* SceneDelegate.swift in Sources */ = {isa = PBXBuildFile; fileRef = D842437D24A3EBD300D57A52 /* SceneDelegate.swift */; };
		D842438024A3EBD300D57A52 /* ViewController.swift in Sources */ = {isa = PBXBuildFile; fileRef = D842437F24A3EBD300D57A52 /* ViewController.swift */; };
		D842438324A3EBD300D57A52 /* Main.storyboard in Resources */ = {isa = PBXBuildFile; fileRef = D842438124A3EBD300D57A52 /* Main.storyboard */; };
		D842438524A3EBD500D57A52 /* Assets.xcassets in Resources */ = {isa = PBXBuildFile; fileRef = D842438424A3EBD500D57A52 /* Assets.xcassets */; };
		D842438824A3EBD500D57A52 /* LaunchScreen.storyboard in Resources */ = {isa = PBXBuildFile; fileRef = D842438624A3EBD500D57A52 /* LaunchScreen.storyboard */; };
		D842439024A3EBF700D57A52 /* YelpAPI.swift in Sources */ = {isa = PBXBuildFile; fileRef = D842438F24A3EBF700D57A52 /* YelpAPI.swift */; };
		D842439224A3EC9D00D57A52 /* RootTableViewController.swift in Sources */ = {isa = PBXBuildFile; fileRef = D842439124A3EC9D00D57A52 /* RootTableViewController.swift */; };
/* End PBXBuildFile section */

/* Begin PBXFileReference section */
		D842437824A3EBD300D57A52 /* YelpDemoExtended.app */ = {isa = PBXFileReference; explicitFileType = wrapper.application; includeInIndex = 0; path = YelpDemoExtended.app; sourceTree = BUILT_PRODUCTS_DIR; };
		D842437B24A3EBD300D57A52 /* AppDelegate.swift */ = {isa = PBXFileReference; lastKnownFileType = sourcecode.swift; path = AppDelegate.swift; sourceTree = "<group>"; };
		D842437D24A3EBD300D57A52 /* SceneDelegate.swift */ = {isa = PBXFileReference; lastKnownFileType = sourcecode.swift; path = SceneDelegate.swift; sourceTree = "<group>"; };
		D842437F24A3EBD300D57A52 /* ViewController.swift */ = {isa = PBXFileReference; lastKnownFileType = sourcecode.swift; path = ViewController.swift; sourceTree = "<group>"; };
		D842438224A3EBD300D57A52 /* Base */ = {isa = PBXFileReference; lastKnownFileType = file.storyboard; name = Base; path = Base.lproj/Main.storyboard; sourceTree = "<group>"; };
		D842438424A3EBD500D57A52 /* Assets.xcassets */ = {isa = PBXFileReference; lastKnownFileType = folder.assetcatalog; path = Assets.xcassets; sourceTree = "<group>"; };
		D842438724A3EBD500D57A52 /* Base */ = {isa = PBXFileReference; lastKnownFileType = file.storyboard; name = Base; path = Base.lproj/LaunchScreen.storyboard; sourceTree = "<group>"; };
		D842438924A3EBD500D57A52 /* Info.plist */ = {isa = PBXFileReference; lastKnownFileType = text.plist.xml; path = Info.plist; sourceTree = "<group>"; };
		D842438F24A3EBF700D57A52 /* YelpAPI.swift */ = {isa = PBXFileReference; fileEncoding = 4; lastKnownFileType = sourcecode.swift; path = YelpAPI.swift; sourceTree = "<group>"; };
		D842439124A3EC9D00D57A52 /* RootTableViewController.swift */ = {isa = PBXFileReference; lastKnownFileType = sourcecode.swift; path = RootTableViewController.swift; sourceTree = "<group>"; };
/* End PBXFileReference section */

/* Begin PBXFrameworksBuildPhase section */
		D842437524A3EBD300D57A52 /* Frameworks */ = {
			isa = PBXFrameworksBuildPhase;
			buildActionMask = 2147483647;
			files = (
			);
			runOnlyForDeploymentPostprocessing = 0;
		};
/* End PBXFrameworksBuildPhase section */

/* Begin PBXGroup section */
		D842436F24A3EBD300D57A52 = {
			isa = PBXGroup;
			children = (
				D842437A24A3EBD300D57A52 /* YelpDemoExtended */,
				D842437924A3EBD300D57A52 /* Products */,
			);
			sourceTree = "<group>";
		};
		D842437924A3EBD300D57A52 /* Products */ = {
			isa = PBXGroup;
			children = (
				D842437824A3EBD300D57A52 /* YelpDemoExtended.app */,
			);
			name = Products;
			sourceTree = "<group>";
		};
		D842437A24A3EBD300D57A52 /* YelpDemoExtended */ = {
			isa = PBXGroup;
			children = (
				D842437B24A3EBD300D57A52 /* AppDelegate.swift */,
				D842437D24A3EBD300D57A52 /* SceneDelegate.swift */,
				D842437F24A3EBD300D57A52 /* ViewController.swift */,
				D842438F24A3EBF700D57A52 /* YelpAPI.swift */,
				D842438124A3EBD300D57A52 /* Main.storyboard */,
				D842438424A3EBD500D57A52 /* Assets.xcassets */,
				D842438624A3EBD500D57A52 /* LaunchScreen.storyboard */,
				D842438924A3EBD500D57A52 /* Info.plist */,
				D842439124A3EC9D00D57A52 /* RootTableViewController.swift */,
			);
			path = YelpDemoExtended;
			sourceTree = "<group>";
		};
/* End PBXGroup section */

/* Begin PBXNativeTarget section */
		D842437724A3EBD300D57A52 /* YelpDemoExtended */ = {
			isa = PBXNativeTarget;
			buildConfigurationList = D842438C24A3EBD500D57A52 /* Build configuration list for PBXNativeTarget "YelpDemoExtended" */;
			buildPhases = (
				D842437424A3EBD300D57A52 /* Sources */,
				D842437524A3EBD300D57A52 /* Frameworks */,
				D842437624A3EBD300D57A52 /* Resources */,
			);
			buildRules = (
			);
			dependencies = (
			);
			name = YelpDemoExtended;
			productName = YelpDemoExtended;
			productReference = D842437824A3EBD300D57A52 /* YelpDemoExtended.app */;
			productType = "com.apple.product-type.application";
		};
/* End PBXNativeTarget section */

/* Begin PBXProject section */
		D842437024A3EBD300D57A52 /* Project object */ = {
			isa = PBXProject;
			attributes = {
				LastSwiftUpdateCheck = 1150;
				LastUpgradeCheck = 1150;
				ORGANIZATIONNAME = yeuchi;
				TargetAttributes = {
					D842437724A3EBD300D57A52 = {
						CreatedOnToolsVersion = 11.5;
					};
				};
			};
			buildConfigurationList = D842437324A3EBD300D57A52 /* Build configuration list for PBXProject "YelpDemoExtended" */;
			compatibilityVersion = "Xcode 9.3";
			developmentRegion = en;
			hasScannedForEncodings = 0;
			knownRegions = (
				en,
				Base,
			);
			mainGroup = D842436F24A3EBD300D57A52;
			productRefGroup = D842437924A3EBD300D57A52 /* Products */;
			projectDirPath = "";
			projectRoot = "";
			targets = (
				D842437724A3EBD300D57A52 /* YelpDemoExtended */,
			);
		};
/* End PBXProject section */

/* Begin PBXResourcesBuildPhase section */
		D842437624A3EBD300D57A52 /* Resources */ = {
			isa = PBXResourcesBuildPhase;
			buildActionMask = 2147483647;
			files = (
				D842438824A3EBD500D57A52 /* LaunchScreen.storyboard in Resources */,
				D842438524A3EBD500D57A52 /* Assets.xcassets in Resources */,
				D842438324A3EBD300D57A52 /* Main.storyboard in Resources */,
			);
			runOnlyForDeploymentPostprocessing = 0;
		};
/* End PBXResourcesBuildPhase section */

/* Begin PBXSourcesBuildPhase section */
		D842437424A3EBD300D57A52 /* Sources */ = {
			isa = PBXSourcesBuildPhase;
			buildActionMask = 2147483647;
			files = (
				D842439024A3EBF700D57A52 /* YelpAPI.swift in Sources */,
				D842438024A3EBD300D57A52 /* ViewController.swift in Sources */,
				D842439224A3EC9D00D57A52 /* RootTableViewController.swift in Sources */,
				D842437C24A3EBD300D57A52 /* AppDelegate.swift in Sources */,
				D842437E24A3EBD300D57A52 /* SceneDelegate.swift in Sources */,
			);
			runOnlyForDeploymentPostprocessing = 0;
		};
/* End PBXSourcesBuildPhase section */

/* Begin PBXVariantGroup section */
		D842438124A3EBD300D57A52 /* Main.storyboard */ = {
			isa = PBXVariantGroup;
			children = (
				D842438224A3EBD300D57A52 /* Base */,
			);
			name = Main.storyboard;
			sourceTree = "<group>";
		};
		D842438624A3EBD500D57A52 /* LaunchScreen.storyboard */ = {
			isa = PBXVariantGroup;
			children = (
				D842438724A3EBD500D57A52 /* Base */,
			);
			name = LaunchScreen.storyboard;
			sourceTree = "<group>";
		};
/* End PBXVariantGroup section */

/* Begin XCBuildConfiguration section */
		D842438A24A3EBD500D57A52 /* Debug */ = {
			isa = XCBuildConfiguration;
			buildSettings = {
				ALWAYS_SEARCH_USER_PATHS = NO;
				CLANG_ANALYZER_NONNULL = YES;
				CLANG_ANALYZER_NUMBER_OBJECT_CONVERSION = YES_AGGRESSIVE;
				CLANG_CXX_LANGUAGE_STANDARD = "gnu++14";
				CLANG_CXX_LIBRARY = "libc++";
				CLANG_ENABLE_MODULES = YES;
				CLANG_ENABLE_OBJC_ARC = YES;
				CLANG_ENABLE_OBJC_WEAK = YES;
				CLANG_WARN_BLOCK_CAPTURE_AUTORELEASING = YES;
				CLANG_WARN_BOOL_CONVERSION = YES;
				CLANG_WARN_COMMA = YES;
				CLANG_WARN_CONSTANT_CONVERSION = YES;
				CLANG_WARN_DEPRECATED_OBJC_IMPLEMENTATIONS = YES;
				CLANG_WARN_DIRECT_OBJC_ISA_USAGE = YES_ERROR;
				CLANG_WARN_DOCUMENTATION_COMMENTS = YES;
				CLANG_WARN_EMPTY_BODY = YES;
				CLANG_WARN_ENUM_CONVERSION = YES;
				CLANG_WARN_INFINITE_RECURSION = YES;
				CLANG_WARN_INT_CONVERSION = YES;
				CLANG_WARN_NON_LITERAL_NULL_CONVERSION = YES;
				CLANG_WARN_OBJC_IMPLICIT_RETAIN_SELF = YES;
				CLANG_WARN_OBJC_LITERAL_CONVERSION = YES;
				CLANG_WARN_OBJC_ROOT_CLASS = YES_ERROR;
				CLANG_WARN_RANGE_LOOP_ANALYSIS = YES;
				CLANG_WARN_STRICT_PROTOTYPES = YES;
				CLANG_WARN_SUSPICIOUS_MOVE = YES;
				CLANG_WARN_UNGUARDED_AVAILABILITY = YES_AGGRESSIVE;
				CLANG_WARN_UNREACHABLE_CODE = YES;
				CLANG_WARN__DUPLICATE_METHOD_MATCH = YES;
				COPY_PHASE_STRIP = NO;
				DEBUG_INFORMATION_FORMAT = dwarf;
				ENABLE_STRICT_OBJC_MSGSEND = YES;
				ENABLE_TESTABILITY = YES;
				GCC_C_LANGUAGE_STANDARD = gnu11;
				GCC_DYNAMIC_NO_PIC = NO;
				GCC_NO_COMMON_BLOCKS = YES;
				GCC_OPTIMIZATION_LEVEL = 0;
				GCC_PREPROCESSOR_DEFINITIONS = (
					"DEBUG=1",
					"$(inherited)",
				);
				GCC_WARN_64_TO_32_BIT_CONVERSION = YES;
				GCC_WARN_ABOUT_RETURN_TYPE = YES_ERROR;
				GCC_WARN_UNDECLARED_SELECTOR = YES;
				GCC_WARN_UNINITIALIZED_AUTOS = YES_AGGRESSIVE;
				GCC_WARN_UNUSED_FUNCTION = YES;
				GCC_WARN_UNUSED_VARIABLE = YES;
				IPHONEOS_DEPLOYMENT_TARGET = 13.5;
				MTL_ENABLE_DEBUG_INFO = INCLUDE_SOURCE;
				MTL_FAST_MATH = YES;
				ONLY_ACTIVE_ARCH = YES;
				SDKROOT = iphoneos;
				SWIFT_ACTIVE_COMPILATION_CONDITIONS = DEBUG;
				SWIFT_OPTIMIZATION_LEVEL = "-Onone";
			};
			name = Debug;
		};
		D842438B24A3EBD500D57A52 /* Release */ = {
			isa = XCBuildConfiguration;
			buildSettings = {
				ALWAYS_SEARCH_USER_PATHS = NO;
				CLANG_ANALYZER_NONNULL = YES;
				CLANG_ANALYZER_NUMBER_OBJECT_CONVERSION = YES_AGGRESSIVE;
				CLANG_CXX_LANGUAGE_STANDARD = "gnu++14";
				CLANG_CXX_LIBRARY = "libc++";
				CLANG_ENABLE_MODULES = YES;
				CLANG_ENABLE_OBJC_ARC = YES;
				CLANG_ENABLE_OBJC_WEAK = YES;
				CLANG_WARN_BLOCK_CAPTURE_AUTORELEASING = YES;
				CLANG_WARN_BOOL_CONVERSION = YES;
				CLANG_WARN_COMMA = YES;
				CLANG_WARN_CONSTANT_CONVERSION = YES;
				CLANG_WARN_DEPRECATED_OBJC_IMPLEMENTATIONS = YES;
				CLANG_WARN_DIRECT_OBJC_ISA_USAGE = YES_ERROR;
				CLANG_WARN_DOCUMENTATION_COMMENTS = YES;
				CLANG_WARN_EMPTY_BODY = YES;
				CLANG_WARN_ENUM_CONVERSION = YES;
				CLANG_WARN_INFINITE_RECURSION = YES;
				CLANG_WARN_INT_CONVERSION = YES;
				CLANG_WARN_NON_LITERAL_NULL_CONVERSION = YES;
				CLANG_WARN_OBJC_IMPLICIT_RETAIN_SELF = YES;
				CLANG_WARN_OBJC_LITERAL_CONVERSION = YES;
				CLANG_WARN_OBJC_ROOT_CLASS = YES_ERROR;
				CLANG_WARN_RANGE_LOOP_ANALYSIS = YES;
				CLANG_WARN_STRICT_PROTOTYPES = YES;
				CLANG_WARN_SUSPICIOUS_MOVE = YES;
				CLANG_WARN_UNGUARDED_AVAILABILITY = YES_AGGRESSIVE;
				CLANG_WARN_UNREACHABLE_CODE = YES;
				CLANG_WARN__DUPLICATE_METHOD_MATCH = YES;
				COPY_PHASE_STRIP = NO;
				DEBUG_INFORMATION_FORMAT = "dwarf-with-dsym";
				ENABLE_NS_ASSERTIONS = NO;
				ENABLE_STRICT_OBJC_MSGSEND = YES;
				GCC_C_LANGUAGE_STANDARD = gnu11;
				GCC_NO_COMMON_BLOCKS = YES;
				GCC_WARN_64_TO_32_BIT_CONVERSION = YES;
				GCC_WARN_ABOUT_RETURN_TYPE = YES_ERROR;
				GCC_WARN_UNDECLARED_SELECTOR = YES;
				GCC_WARN_UNINITIALIZED_AUTOS = YES_AGGRESSIVE;
				GCC_WARN_UNUSED_FUNCTION = YES;
				GCC_WARN_UNUSED_VARIABLE = YES;
				IPHONEOS_DEPLOYMENT_TARGET = 13.5;
				MTL_ENABLE_DEBUG_INFO = NO;
				MTL_FAST_MATH = YES;
				SDKROOT = iphoneos;
				SWIFT_COMPILATION_MODE = wholemodule;
				SWIFT_OPTIMIZATION_LEVEL = "-O";
				VALIDATE_PRODUCT = YES;
			};
			name = Release;
		};
		D842438D24A3EBD500D57A52 /* Debug */ = {
			isa = XCBuildConfiguration;
			buildSettings = {
				ASSETCATALOG_COMPILER_APPICON_NAME = AppIcon;
				CODE_SIGN_STYLE = Automatic;
				DEVELOPMENT_TEAM = 95K88FL4NA;
				INFOPLIST_FILE = YelpDemoExtended/Info.plist;
				LD_RUNPATH_SEARCH_PATHS = (
					"$(inherited)",
					"@executable_path/Frameworks",
				);
				PRODUCT_BUNDLE_IDENTIFIER = com.ctyeung.YelpDemoExtended;
				PRODUCT_NAME = "$(TARGET_NAME)";
				SWIFT_VERSION = 5.0;
				TARGETED_DEVICE_FAMILY = "1,2";
			};
			name = Debug;
		};
		D842438E24A3EBD500D57A52 /* Release */ = {
			isa = XCBuildConfiguration;
			buildSettings = {
				ASSETCATALOG_COMPILER_APPICON_NAME = AppIcon;
				CODE_SIGN_STYLE = Automatic;
				DEVELOPMENT_TEAM = 95K88FL4NA;
				INFOPLIST_FILE = YelpDemoExtended/Info.plist;
				LD_RUNPATH_SEARCH_PATHS = (
					"$(inherited)",
					"@executable_path/Frameworks",
				);
				PRODUCT_BUNDLE_IDENTIFIER = com.ctyeung.YelpDemoExtended;
				PRODUCT_NAME = "$(TARGET_NAME)";
				SWIFT_VERSION = 5.0;
				TARGETED_DEVICE_FAMILY = "1,2";
			};
			name = Release;
		};
/* End XCBuildConfiguration section */

/* Begin XCConfigurationList section */
		D842437324A3EBD300D57A52 /* Build configuration list for PBXProject "YelpDemoExtended" */ = {
			isa = XCConfigurationList;
			buildConfigurations = (
				D842438A24A3EBD500D57A52 /* Debug */,
				D842438B24A3EBD500D57A52 /* Release */,
			);
			defaultConfigurationIsVisible = 0;
			defaultConfigurationName = Release;
		};
		D842438C24A3EBD500D57A52 /* Build configuration list for PBXNativeTarget "YelpDemoExtended" */ = {
			isa = XCConfigurationList;
			buildConfigurations = (
				D842438D24A3EBD500D57A52 /* Debug */,
				D842438E24A3EBD500D57A52 /* Release */,
			);
			defaultConfigurationIsVisible = 0;
			defaultConfigurationName = Release;
		};
/* End XCConfigurationList section */
	};
	rootObject = D842437024A3EBD300D57A52 /* Project object */;
}
